// !$*UTF8*$!
{
	archiveVersion = 1;
	classes = {
	};
	objectVersion = 46;
	objects = {

/* Begin PBXBuildFile section */
		983B3A2C1F590A3A00C02D33 /* GBCommentToProduct.swift in Sources */ = {isa = PBXBuildFile; fileRef = 983B3A2B1F590A3A00C02D33 /* GBCommentToProduct.swift */; };
		983B3A2E1F590A4800C02D33 /* GBCommentToBuyer.swift in Sources */ = {isa = PBXBuildFile; fileRef = 983B3A2D1F590A4800C02D33 /* GBCommentToBuyer.swift */; };
		983B3A301F590A6600C02D33 /* GBCommentToCustomer.swift in Sources */ = {isa = PBXBuildFile; fileRef = 983B3A2F1F590A6600C02D33 /* GBCommentToCustomer.swift */; };
		983B3A321F590A9000C02D33 /* GBPreOrders.swift in Sources */ = {isa = PBXBuildFile; fileRef = 983B3A311F590A9000C02D33 /* GBPreOrders.swift */; };
		983B3A341F590AB000C02D33 /* GBPreOrderSection.swift in Sources */ = {isa = PBXBuildFile; fileRef = 983B3A331F590AB000C02D33 /* GBPreOrderSection.swift */; };
		983B3A361F590B6C00C02D33 /* GBProductItem.swift in Sources */ = {isa = PBXBuildFile; fileRef = 983B3A351F590B6C00C02D33 /* GBProductItem.swift */; };
		983B3A381F590C9100C02D33 /* GBCartItem.swift in Sources */ = {isa = PBXBuildFile; fileRef = 983B3A371F590C9100C02D33 /* GBCartItem.swift */; };
		983B3A3A1F590D3800C02D33 /* GBPreOrderProductItem.swift in Sources */ = {isa = PBXBuildFile; fileRef = 983B3A391F590D3800C02D33 /* GBPreOrderProductItem.swift */; };
		983B3A3C1F590E5000C02D33 /* GBBuyersWithMap.swift in Sources */ = {isa = PBXBuildFile; fileRef = 983B3A3B1F590E5000C02D33 /* GBBuyersWithMap.swift */; };
		983B3A3E1F590EF000C02D33 /* GBMap.swift in Sources */ = {isa = PBXBuildFile; fileRef = 983B3A3D1F590EF000C02D33 /* GBMap.swift */; };
		986F1DAA1F457A4700FA3872 /* GBDelegateOrder.swift in Sources */ = {isa = PBXBuildFile; fileRef = 986F1DA91F457A4700FA3872 /* GBDelegateOrder.swift */; };
		987574F11EC5F92B004B847E /* GbKit.framework in Frameworks */ = {isa = PBXBuildFile; fileRef = 987574E71EC5F92B004B847E /* GbKit.framework */; };
		987574F61EC5F92B004B847E /* GbKitTests.swift in Sources */ = {isa = PBXBuildFile; fileRef = 987574F51EC5F92B004B847E /* GbKitTests.swift */; };
		987574F81EC5F92B004B847E /* GbKit.h in Headers */ = {isa = PBXBuildFile; fileRef = 987574EA1EC5F92B004B847E /* GbKit.h */; settings = {ATTRIBUTES = (Public, ); }; };
		987575031EC608AC004B847E /* GbStringExtension.swift in Sources */ = {isa = PBXBuildFile; fileRef = 987575021EC608AC004B847E /* GbStringExtension.swift */; };
		987575051EC60930004B847E /* GbUIColorExtension.swift in Sources */ = {isa = PBXBuildFile; fileRef = 987575041EC60930004B847E /* GbUIColorExtension.swift */; };
		98AACBE21F43C64B0083BC37 /* GBArea.swift in Sources */ = {isa = PBXBuildFile; fileRef = 98AACBE11F43C64B0083BC37 /* GBArea.swift */; };
		98AACBE41F43C8E90083BC37 /* GBTag.swift in Sources */ = {isa = PBXBuildFile; fileRef = 98AACBE31F43C8E90083BC37 /* GBTag.swift */; };
		98AACBE61F43CD200083BC37 /* GBCell.swift in Sources */ = {isa = PBXBuildFile; fileRef = 98AACBE51F43CD200083BC37 /* GBCell.swift */; };
		98AACBE81F43D45A0083BC37 /* GBOrder.swift in Sources */ = {isa = PBXBuildFile; fileRef = 98AACBE71F43D45A0083BC37 /* GBOrder.swift */; };
		98AACBEA1F43DFE50083BC37 /* GBUser.swift in Sources */ = {isa = PBXBuildFile; fileRef = 98AACBE91F43DFE50083BC37 /* GBUser.swift */; };
		98AACBEC1F43DFF50083BC37 /* GBAdmin.swift in Sources */ = {isa = PBXBuildFile; fileRef = 98AACBEB1F43DFF50083BC37 /* GBAdmin.swift */; };
		98AACBEE1F43E0020083BC37 /* GBCustomer.swift in Sources */ = {isa = PBXBuildFile; fileRef = 98AACBED1F43E0020083BC37 /* GBCustomer.swift */; };
		98AACBF01F43E0FB0083BC37 /* GBBuyer.swift in Sources */ = {isa = PBXBuildFile; fileRef = 98AACBEF1F43E0FB0083BC37 /* GBBuyer.swift */; };
		98AACBF21F43E1080083BC37 /* GBDelegateBuyer.swift in Sources */ = {isa = PBXBuildFile; fileRef = 98AACBF11F43E1080083BC37 /* GBDelegateBuyer.swift */; };
		98AACBF41F43F3540083BC37 /* GBOrderItem.swift in Sources */ = {isa = PBXBuildFile; fileRef = 98AACBF31F43F3540083BC37 /* GBOrderItem.swift */; };
		98AACBF61F43F8030083BC37 /* GBProductExtension.swift in Sources */ = {isa = PBXBuildFile; fileRef = 98AACBF51F43F8030083BC37 /* GBProductExtension.swift */; };
		98BEF0901F59136400E998BC /* GBPreOrdersOption.swift in Sources */ = {isa = PBXBuildFile; fileRef = 98BEF08F1F59136400E998BC /* GBPreOrdersOption.swift */; };
		98BEF0921F5913A600E998BC /* GBPromotion.swift in Sources */ = {isa = PBXBuildFile; fileRef = 98BEF0911F5913A600E998BC /* GBPromotion.swift */; };
		98BEF0941F5918CA00E998BC /* GBCurrencyExchange.swift in Sources */ = {isa = PBXBuildFile; fileRef = 98BEF0931F5918CA00E998BC /* GBCurrencyExchange.swift */; };
		98BEF0971F59217100E998BC /* GBCart.swift in Sources */ = {isa = PBXBuildFile; fileRef = 98BEF0961F59217100E998BC /* GBCart.swift */; };
		98D7AE931EC8203D003F1AC5 /* GbNetworkBaseUtility.swift in Sources */ = {isa = PBXBuildFile; fileRef = 98D7AE921EC8203D003F1AC5 /* GbNetworkBaseUtility.swift */; };
		98EFB3201F3D74180026B000 /* GBAddress.swift in Sources */ = {isa = PBXBuildFile; fileRef = 98EFB31F1F3D74180026B000 /* GBAddress.swift */; };
		98EFB3241F3D745C0026B000 /* GBBaseModel.swift in Sources */ = {isa = PBXBuildFile; fileRef = 98EFB3231F3D745C0026B000 /* GBBaseModel.swift */; };
		98EFB3261F3D79030026B000 /* GBIdInfo.swift in Sources */ = {isa = PBXBuildFile; fileRef = 98EFB3251F3D79030026B000 /* GBIdInfo.swift */; };
		98EFB3281F42CF7E0026B000 /* GBProduct.swift in Sources */ = {isa = PBXBuildFile; fileRef = 98EFB3271F42CF7E0026B000 /* GBProduct.swift */; };
		98EFB32D1F42D2C20026B000 /* GBProductSubtype.swift in Sources */ = {isa = PBXBuildFile; fileRef = 98EFB32B1F42D2C20026B000 /* GBProductSubtype.swift */; };
		98EFB32E1F42D2C20026B000 /* GBProductSubtypeItem.swift in Sources */ = {isa = PBXBuildFile; fileRef = 98EFB32C1F42D2C20026B000 /* GBProductSubtypeItem.swift */; };
		98EFB3301F42D6D10026B000 /* GBBrand.swift in Sources */ = {isa = PBXBuildFile; fileRef = 98EFB32F1F42D6D10026B000 /* GBBrand.swift */; };
		98EFB3341F42D9020026B000 /* GBCategory.swift in Sources */ = {isa = PBXBuildFile; fileRef = 98EFB3331F42D9020026B000 /* GBCategory.swift */; };
		FEC00832F7D65A9128208614 /* Pods_GbKit.framework in Frameworks */ = {isa = PBXBuildFile; fileRef = D2B661B6E2C4F278C90922ED /* Pods_GbKit.framework */; };
/* End PBXBuildFile section */

/* Begin PBXContainerItemProxy section */
		987574F21EC5F92B004B847E /* PBXContainerItemProxy */ = {
			isa = PBXContainerItemProxy;
			containerPortal = 987574DE1EC5F92A004B847E /* Project object */;
			proxyType = 1;
			remoteGlobalIDString = 987574E61EC5F92B004B847E;
			remoteInfo = GbKit;
		};
/* End PBXContainerItemProxy section */

/* Begin PBXFileReference section */
		518C6A0A5147A6880CD4751D /* Pods-GbKit.debug.xcconfig */ = {isa = PBXFileReference; includeInIndex = 1; lastKnownFileType = text.xcconfig; name = "Pods-GbKit.debug.xcconfig"; path = "Pods/Target Support Files/Pods-GbKit/Pods-GbKit.debug.xcconfig"; sourceTree = "<group>"; };
		983B3A2B1F590A3A00C02D33 /* GBCommentToProduct.swift */ = {isa = PBXFileReference; fileEncoding = 4; lastKnownFileType = sourcecode.swift; path = GBCommentToProduct.swift; sourceTree = "<group>"; };
		983B3A2D1F590A4800C02D33 /* GBCommentToBuyer.swift */ = {isa = PBXFileReference; fileEncoding = 4; lastKnownFileType = sourcecode.swift; path = GBCommentToBuyer.swift; sourceTree = "<group>"; };
		983B3A2F1F590A6600C02D33 /* GBCommentToCustomer.swift */ = {isa = PBXFileReference; fileEncoding = 4; lastKnownFileType = sourcecode.swift; path = GBCommentToCustomer.swift; sourceTree = "<group>"; };
		983B3A311F590A9000C02D33 /* GBPreOrders.swift */ = {isa = PBXFileReference; fileEncoding = 4; lastKnownFileType = sourcecode.swift; path = GBPreOrders.swift; sourceTree = "<group>"; };
		983B3A331F590AB000C02D33 /* GBPreOrderSection.swift */ = {isa = PBXFileReference; fileEncoding = 4; lastKnownFileType = sourcecode.swift; path = GBPreOrderSection.swift; sourceTree = "<group>"; };
		983B3A351F590B6C00C02D33 /* GBProductItem.swift */ = {isa = PBXFileReference; fileEncoding = 4; lastKnownFileType = sourcecode.swift; path = GBProductItem.swift; sourceTree = "<group>"; };
		983B3A371F590C9100C02D33 /* GBCartItem.swift */ = {isa = PBXFileReference; fileEncoding = 4; lastKnownFileType = sourcecode.swift; path = GBCartItem.swift; sourceTree = "<group>"; };
		983B3A391F590D3800C02D33 /* GBPreOrderProductItem.swift */ = {isa = PBXFileReference; fileEncoding = 4; lastKnownFileType = sourcecode.swift; path = GBPreOrderProductItem.swift; sourceTree = "<group>"; };
		983B3A3B1F590E5000C02D33 /* GBBuyersWithMap.swift */ = {isa = PBXFileReference; fileEncoding = 4; lastKnownFileType = sourcecode.swift; path = GBBuyersWithMap.swift; sourceTree = "<group>"; };
		983B3A3D1F590EF000C02D33 /* GBMap.swift */ = {isa = PBXFileReference; fileEncoding = 4; lastKnownFileType = sourcecode.swift; path = GBMap.swift; sourceTree = "<group>"; };
		986F1DA91F457A4700FA3872 /* GBDelegateOrder.swift */ = {isa = PBXFileReference; fileEncoding = 4; lastKnownFileType = sourcecode.swift; path = GBDelegateOrder.swift; sourceTree = "<group>"; };
		987574E71EC5F92B004B847E /* GbKit.framework */ = {isa = PBXFileReference; explicitFileType = wrapper.framework; includeInIndex = 0; path = GbKit.framework; sourceTree = BUILT_PRODUCTS_DIR; };
		987574EA1EC5F92B004B847E /* GbKit.h */ = {isa = PBXFileReference; lastKnownFileType = sourcecode.c.h; path = GbKit.h; sourceTree = "<group>"; };
		987574EB1EC5F92B004B847E /* Info.plist */ = {isa = PBXFileReference; lastKnownFileType = text.plist.xml; path = Info.plist; sourceTree = "<group>"; };
		987574F01EC5F92B004B847E /* GbKitTests.xctest */ = {isa = PBXFileReference; explicitFileType = wrapper.cfbundle; includeInIndex = 0; path = GbKitTests.xctest; sourceTree = BUILT_PRODUCTS_DIR; };
		987574F51EC5F92B004B847E /* GbKitTests.swift */ = {isa = PBXFileReference; lastKnownFileType = sourcecode.swift; path = GbKitTests.swift; sourceTree = "<group>"; };
		987574F71EC5F92B004B847E /* Info.plist */ = {isa = PBXFileReference; lastKnownFileType = text.plist.xml; path = Info.plist; sourceTree = "<group>"; };
		987575021EC608AC004B847E /* GbStringExtension.swift */ = {isa = PBXFileReference; fileEncoding = 4; lastKnownFileType = sourcecode.swift; path = GbStringExtension.swift; sourceTree = "<group>"; };
		987575041EC60930004B847E /* GbUIColorExtension.swift */ = {isa = PBXFileReference; fileEncoding = 4; lastKnownFileType = sourcecode.swift; path = GbUIColorExtension.swift; sourceTree = "<group>"; };
		98AACBE11F43C64B0083BC37 /* GBArea.swift */ = {isa = PBXFileReference; fileEncoding = 4; lastKnownFileType = sourcecode.swift; path = GBArea.swift; sourceTree = "<group>"; };
		98AACBE31F43C8E90083BC37 /* GBTag.swift */ = {isa = PBXFileReference; fileEncoding = 4; lastKnownFileType = sourcecode.swift; path = GBTag.swift; sourceTree = "<group>"; };
		98AACBE51F43CD200083BC37 /* GBCell.swift */ = {isa = PBXFileReference; fileEncoding = 4; lastKnownFileType = sourcecode.swift; path = GBCell.swift; sourceTree = "<group>"; };
		98AACBE71F43D45A0083BC37 /* GBOrder.swift */ = {isa = PBXFileReference; fileEncoding = 4; lastKnownFileType = sourcecode.swift; path = GBOrder.swift; sourceTree = "<group>"; };
		98AACBE91F43DFE50083BC37 /* GBUser.swift */ = {isa = PBXFileReference; fileEncoding = 4; lastKnownFileType = sourcecode.swift; path = GBUser.swift; sourceTree = "<group>"; };
		98AACBEB1F43DFF50083BC37 /* GBAdmin.swift */ = {isa = PBXFileReference; fileEncoding = 4; lastKnownFileType = sourcecode.swift; path = GBAdmin.swift; sourceTree = "<group>"; };
		98AACBED1F43E0020083BC37 /* GBCustomer.swift */ = {isa = PBXFileReference; fileEncoding = 4; lastKnownFileType = sourcecode.swift; path = GBCustomer.swift; sourceTree = "<group>"; };
		98AACBEF1F43E0FB0083BC37 /* GBBuyer.swift */ = {isa = PBXFileReference; fileEncoding = 4; lastKnownFileType = sourcecode.swift; path = GBBuyer.swift; sourceTree = "<group>"; };
		98AACBF11F43E1080083BC37 /* GBDelegateBuyer.swift */ = {isa = PBXFileReference; fileEncoding = 4; lastKnownFileType = sourcecode.swift; path = GBDelegateBuyer.swift; sourceTree = "<group>"; };
		98AACBF31F43F3540083BC37 /* GBOrderItem.swift */ = {isa = PBXFileReference; fileEncoding = 4; lastKnownFileType = sourcecode.swift; path = GBOrderItem.swift; sourceTree = "<group>"; };
		98AACBF51F43F8030083BC37 /* GBProductExtension.swift */ = {isa = PBXFileReference; fileEncoding = 4; lastKnownFileType = sourcecode.swift; path = GBProductExtension.swift; sourceTree = "<group>"; };
		98BEF08F1F59136400E998BC /* GBPreOrdersOption.swift */ = {isa = PBXFileReference; fileEncoding = 4; lastKnownFileType = sourcecode.swift; path = GBPreOrdersOption.swift; sourceTree = "<group>"; };
		98BEF0911F5913A600E998BC /* GBPromotion.swift */ = {isa = PBXFileReference; fileEncoding = 4; lastKnownFileType = sourcecode.swift; path = GBPromotion.swift; sourceTree = "<group>"; };
		98BEF0931F5918CA00E998BC /* GBCurrencyExchange.swift */ = {isa = PBXFileReference; fileEncoding = 4; lastKnownFileType = sourcecode.swift; path = GBCurrencyExchange.swift; sourceTree = "<group>"; };
		98BEF0961F59217100E998BC /* GBCart.swift */ = {isa = PBXFileReference; fileEncoding = 4; lastKnownFileType = sourcecode.swift; path = GBCart.swift; sourceTree = "<group>"; };
		98D7AE921EC8203D003F1AC5 /* GbNetworkBaseUtility.swift */ = {isa = PBXFileReference; fileEncoding = 4; lastKnownFileType = sourcecode.swift; path = GbNetworkBaseUtility.swift; sourceTree = "<group>"; };
		98EFB31F1F3D74180026B000 /* GBAddress.swift */ = {isa = PBXFileReference; fileEncoding = 4; lastKnownFileType = sourcecode.swift; path = GBAddress.swift; sourceTree = "<group>"; };
		98EFB3231F3D745C0026B000 /* GBBaseModel.swift */ = {isa = PBXFileReference; fileEncoding = 4; lastKnownFileType = sourcecode.swift; path = GBBaseModel.swift; sourceTree = "<group>"; };
		98EFB3251F3D79030026B000 /* GBIdInfo.swift */ = {isa = PBXFileReference; fileEncoding = 4; lastKnownFileType = sourcecode.swift; path = GBIdInfo.swift; sourceTree = "<group>"; };
		98EFB3271F42CF7E0026B000 /* GBProduct.swift */ = {isa = PBXFileReference; fileEncoding = 4; lastKnownFileType = sourcecode.swift; path = GBProduct.swift; sourceTree = "<group>"; };
		98EFB32B1F42D2C20026B000 /* GBProductSubtype.swift */ = {isa = PBXFileReference; fileEncoding = 4; lastKnownFileType = sourcecode.swift; path = GBProductSubtype.swift; sourceTree = "<group>"; };
		98EFB32C1F42D2C20026B000 /* GBProductSubtypeItem.swift */ = {isa = PBXFileReference; fileEncoding = 4; lastKnownFileType = sourcecode.swift; path = GBProductSubtypeItem.swift; sourceTree = "<group>"; };
		98EFB32F1F42D6D10026B000 /* GBBrand.swift */ = {isa = PBXFileReference; fileEncoding = 4; lastKnownFileType = sourcecode.swift; path = GBBrand.swift; sourceTree = "<group>"; };
		98EFB3331F42D9020026B000 /* GBCategory.swift */ = {isa = PBXFileReference; fileEncoding = 4; lastKnownFileType = sourcecode.swift; path = GBCategory.swift; sourceTree = "<group>"; };
		D2B661B6E2C4F278C90922ED /* Pods_GbKit.framework */ = {isa = PBXFileReference; explicitFileType = wrapper.framework; includeInIndex = 0; path = Pods_GbKit.framework; sourceTree = BUILT_PRODUCTS_DIR; };
		FAEE3660B275F45E86A3F8E4 /* Pods-GbKit.release.xcconfig */ = {isa = PBXFileReference; includeInIndex = 1; lastKnownFileType = text.xcconfig; name = "Pods-GbKit.release.xcconfig"; path = "Pods/Target Support Files/Pods-GbKit/Pods-GbKit.release.xcconfig"; sourceTree = "<group>"; };
/* End PBXFileReference section */

/* Begin PBXFrameworksBuildPhase section */
		987574E31EC5F92B004B847E /* Frameworks */ = {
			isa = PBXFrameworksBuildPhase;
			buildActionMask = 2147483647;
			files = (
				FEC00832F7D65A9128208614 /* Pods_GbKit.framework in Frameworks */,
			);
			runOnlyForDeploymentPostprocessing = 0;
		};
		987574ED1EC5F92B004B847E /* Frameworks */ = {
			isa = PBXFrameworksBuildPhase;
			buildActionMask = 2147483647;
			files = (
				987574F11EC5F92B004B847E /* GbKit.framework in Frameworks */,
			);
			runOnlyForDeploymentPostprocessing = 0;
		};
/* End PBXFrameworksBuildPhase section */

/* Begin PBXGroup section */
		308F0518EFBFDE9549B29A57 /* Pods */ = {
			isa = PBXGroup;
			children = (
				518C6A0A5147A6880CD4751D /* Pods-GbKit.debug.xcconfig */,
				FAEE3660B275F45E86A3F8E4 /* Pods-GbKit.release.xcconfig */,
			);
			name = Pods;
			sourceTree = "<group>";
		};
		987574DD1EC5F92A004B847E = {
			isa = PBXGroup;
			children = (
				987574E91EC5F92B004B847E /* GbKit */,
				987574F41EC5F92B004B847E /* GbKitTests */,
				987574E81EC5F92B004B847E /* Products */,
				308F0518EFBFDE9549B29A57 /* Pods */,
				E12873689A557B94AC1099D5 /* Frameworks */,
			);
			sourceTree = "<group>";
		};
		987574E81EC5F92B004B847E /* Products */ = {
			isa = PBXGroup;
			children = (
				987574E71EC5F92B004B847E /* GbKit.framework */,
				987574F01EC5F92B004B847E /* GbKitTests.xctest */,
			);
			name = Products;
			sourceTree = "<group>";
		};
		987574E91EC5F92B004B847E /* GbKit */ = {
			isa = PBXGroup;
			children = (
				98EFB31E1F3D73DB0026B000 /* Models */,
				98D7AE911EC81FCE003F1AC5 /* Utilities */,
				987575011EC6081B004B847E /* Extensions */,
				987574EA1EC5F92B004B847E /* GbKit.h */,
				987574EB1EC5F92B004B847E /* Info.plist */,
			);
			path = GbKit;
			sourceTree = "<group>";
		};
		987574F41EC5F92B004B847E /* GbKitTests */ = {
			isa = PBXGroup;
			children = (
				987574F51EC5F92B004B847E /* GbKitTests.swift */,
				987574F71EC5F92B004B847E /* Info.plist */,
			);
			path = GbKitTests;
			sourceTree = "<group>";
		};
		987575011EC6081B004B847E /* Extensions */ = {
			isa = PBXGroup;
			children = (
				987575041EC60930004B847E /* GbUIColorExtension.swift */,
				987575021EC608AC004B847E /* GbStringExtension.swift */,
			);
			path = Extensions;
			sourceTree = "<group>";
		};
		98D7AE911EC81FCE003F1AC5 /* Utilities */ = {
			isa = PBXGroup;
			children = (
				98D7AE921EC8203D003F1AC5 /* GbNetworkBaseUtility.swift */,
			);
			path = Utilities;
			sourceTree = "<group>";
		};
		98EFB31E1F3D73DB0026B000 /* Models */ = {
			isa = PBXGroup;
			children = (
				98EFB3231F3D745C0026B000 /* GBBaseModel.swift */,
				98AACBE31F43C8E90083BC37 /* GBTag.swift */,
				98AACBE51F43CD200083BC37 /* GBCell.swift */,
				98EFB31F1F3D74180026B000 /* GBAddress.swift */,
				98EFB3251F3D79030026B000 /* GBIdInfo.swift */,
				98EFB3271F42CF7E0026B000 /* GBProduct.swift */,
				98EFB32B1F42D2C20026B000 /* GBProductSubtype.swift */,
				98EFB32C1F42D2C20026B000 /* GBProductSubtypeItem.swift */,
				98EFB32F1F42D6D10026B000 /* GBBrand.swift */,
				98AACBF51F43F8030083BC37 /* GBProductExtension.swift */,
				98EFB3331F42D9020026B000 /* GBCategory.swift */,
				98AACBE11F43C64B0083BC37 /* GBArea.swift */,
				98AACBE71F43D45A0083BC37 /* GBOrder.swift */,
				98AACBF31F43F3540083BC37 /* GBOrderItem.swift */,
				98AACBE91F43DFE50083BC37 /* GBUser.swift */,
				98AACBEB1F43DFF50083BC37 /* GBAdmin.swift */,
				98AACBED1F43E0020083BC37 /* GBCustomer.swift */,
				98BEF0931F5918CA00E998BC /* GBCurrencyExchange.swift */,
				98AACBEF1F43E0FB0083BC37 /* GBBuyer.swift */,
				98BEF0911F5913A600E998BC /* GBPromotion.swift */,
				98AACBF11F43E1080083BC37 /* GBDelegateBuyer.swift */,
				986F1DA91F457A4700FA3872 /* GBDelegateOrder.swift */,
				983B3A2B1F590A3A00C02D33 /* GBCommentToProduct.swift */,
				983B3A2D1F590A4800C02D33 /* GBCommentToBuyer.swift */,
				983B3A2F1F590A6600C02D33 /* GBCommentToCustomer.swift */,
				983B3A311F590A9000C02D33 /* GBPreOrders.swift */,
				98BEF08F1F59136400E998BC /* GBPreOrdersOption.swift */,
				983B3A331F590AB000C02D33 /* GBPreOrderSection.swift */,
				983B3A391F590D3800C02D33 /* GBPreOrderProductItem.swift */,
				983B3A351F590B6C00C02D33 /* GBProductItem.swift */,
				983B3A371F590C9100C02D33 /* GBCartItem.swift */,
				98BEF0961F59217100E998BC /* GBCart.swift */,
				983B3A3B1F590E5000C02D33 /* GBBuyersWithMap.swift */,
				983B3A3D1F590EF000C02D33 /* GBMap.swift */,
			);
			path = Models;
			sourceTree = "<group>";
		};
		E12873689A557B94AC1099D5 /* Frameworks */ = {
			isa = PBXGroup;
			children = (
				D2B661B6E2C4F278C90922ED /* Pods_GbKit.framework */,
			);
			name = Frameworks;
			sourceTree = "<group>";
		};
/* End PBXGroup section */

/* Begin PBXHeadersBuildPhase section */
		987574E41EC5F92B004B847E /* Headers */ = {
			isa = PBXHeadersBuildPhase;
			buildActionMask = 2147483647;
			files = (
				987574F81EC5F92B004B847E /* GbKit.h in Headers */,
			);
			runOnlyForDeploymentPostprocessing = 0;
		};
/* End PBXHeadersBuildPhase section */

/* Begin PBXNativeTarget section */
		987574E61EC5F92B004B847E /* GbKit */ = {
			isa = PBXNativeTarget;
			buildConfigurationList = 987574FB1EC5F92B004B847E /* Build configuration list for PBXNativeTarget "GbKit" */;
			buildPhases = (
				D2D0571BEB1FBA88A679FF83 /* [CP] Check Pods Manifest.lock */,
				987574E21EC5F92B004B847E /* Sources */,
				987574E31EC5F92B004B847E /* Frameworks */,
				987574E41EC5F92B004B847E /* Headers */,
				987574E51EC5F92B004B847E /* Resources */,
				7BDDC044DF6B0B3AE5394A67 /* [CP] Copy Pods Resources */,
			);
			buildRules = (
			);
			dependencies = (
			);
			name = GbKit;
			productName = GbKit;
			productReference = 987574E71EC5F92B004B847E /* GbKit.framework */;
			productType = "com.apple.product-type.framework";
		};
		987574EF1EC5F92B004B847E /* GbKitTests */ = {
			isa = PBXNativeTarget;
			buildConfigurationList = 987574FE1EC5F92B004B847E /* Build configuration list for PBXNativeTarget "GbKitTests" */;
			buildPhases = (
				987574EC1EC5F92B004B847E /* Sources */,
				987574ED1EC5F92B004B847E /* Frameworks */,
				987574EE1EC5F92B004B847E /* Resources */,
			);
			buildRules = (
			);
			dependencies = (
				987574F31EC5F92B004B847E /* PBXTargetDependency */,
			);
			name = GbKitTests;
			productName = GbKitTests;
			productReference = 987574F01EC5F92B004B847E /* GbKitTests.xctest */;
			productType = "com.apple.product-type.bundle.unit-test";
		};
/* End PBXNativeTarget section */

/* Begin PBXProject section */
		987574DE1EC5F92A004B847E /* Project object */ = {
			isa = PBXProject;
			attributes = {
				LastSwiftUpdateCheck = 0820;
				LastUpgradeCheck = 0820;
				ORGANIZATIONNAME = glbuyer;
				TargetAttributes = {
					987574E61EC5F92B004B847E = {
						CreatedOnToolsVersion = 8.2.1;
						DevelopmentTeam = PXMQL7E966;
						LastSwiftMigration = 0820;
						ProvisioningStyle = Automatic;
					};
					987574EF1EC5F92B004B847E = {
						CreatedOnToolsVersion = 8.2.1;
						DevelopmentTeam = PXMQL7E966;
						ProvisioningStyle = Automatic;
					};
				};
			};
			buildConfigurationList = 987574E11EC5F92A004B847E /* Build configuration list for PBXProject "GbKit" */;
			compatibilityVersion = "Xcode 3.2";
			developmentRegion = English;
			hasScannedForEncodings = 0;
			knownRegions = (
				en,
			);
			mainGroup = 987574DD1EC5F92A004B847E;
			productRefGroup = 987574E81EC5F92B004B847E /* Products */;
			projectDirPath = "";
			projectRoot = "";
			targets = (
				987574E61EC5F92B004B847E /* GbKit */,
				987574EF1EC5F92B004B847E /* GbKitTests */,
			);
		};
/* End PBXProject section */

/* Begin PBXResourcesBuildPhase section */
		987574E51EC5F92B004B847E /* Resources */ = {
			isa = PBXResourcesBuildPhase;
			buildActionMask = 2147483647;
			files = (
			);
			runOnlyForDeploymentPostprocessing = 0;
		};
		987574EE1EC5F92B004B847E /* Resources */ = {
			isa = PBXResourcesBuildPhase;
			buildActionMask = 2147483647;
			files = (
			);
			runOnlyForDeploymentPostprocessing = 0;
		};
/* End PBXResourcesBuildPhase section */

/* Begin PBXShellScriptBuildPhase section */
		7BDDC044DF6B0B3AE5394A67 /* [CP] Copy Pods Resources */ = {
			isa = PBXShellScriptBuildPhase;
			buildActionMask = 2147483647;
			files = (
			);
			inputPaths = (
			);
			name = "[CP] Copy Pods Resources";
			outputPaths = (
			);
			runOnlyForDeploymentPostprocessing = 0;
			shellPath = /bin/sh;
			shellScript = "\"${SRCROOT}/Pods/Target Support Files/Pods-GbKit/Pods-GbKit-resources.sh\"\n";
			showEnvVarsInLog = 0;
		};
		D2D0571BEB1FBA88A679FF83 /* [CP] Check Pods Manifest.lock */ = {
			isa = PBXShellScriptBuildPhase;
			buildActionMask = 2147483647;
			files = (
			);
			inputPaths = (
			);
			name = "[CP] Check Pods Manifest.lock";
			outputPaths = (
			);
			runOnlyForDeploymentPostprocessing = 0;
			shellPath = /bin/sh;
			shellScript = "diff \"${PODS_ROOT}/../Podfile.lock\" \"${PODS_ROOT}/Manifest.lock\" > /dev/null\nif [ $? != 0 ] ; then\n    # print error to STDERR\n    echo \"error: The sandbox is not in sync with the Podfile.lock. Run 'pod install' or update your CocoaPods installation.\" >&2\n    exit 1\nfi\n";
			showEnvVarsInLog = 0;
		};
/* End PBXShellScriptBuildPhase section */

/* Begin PBXSourcesBuildPhase section */
		987574E21EC5F92B004B847E /* Sources */ = {
			isa = PBXSourcesBuildPhase;
			buildActionMask = 2147483647;
			files = (
				98AACBF41F43F3540083BC37 /* GBOrderItem.swift in Sources */,
				98BEF0901F59136400E998BC /* GBPreOrdersOption.swift in Sources */,
				983B3A301F590A6600C02D33 /* GBCommentToCustomer.swift in Sources */,
				98D7AE931EC8203D003F1AC5 /* GbNetworkBaseUtility.swift in Sources */,
				987575031EC608AC004B847E /* GbStringExtension.swift in Sources */,
				98EFB3301F42D6D10026B000 /* GBBrand.swift in Sources */,
				98EFB3201F3D74180026B000 /* GBAddress.swift in Sources */,
				98BEF0921F5913A600E998BC /* GBPromotion.swift in Sources */,
				98AACBE41F43C8E90083BC37 /* GBTag.swift in Sources */,
				983B3A2E1F590A4800C02D33 /* GBCommentToBuyer.swift in Sources */,
				98EFB32E1F42D2C20026B000 /* GBProductSubtypeItem.swift in Sources */,
				98AACBE61F43CD200083BC37 /* GBCell.swift in Sources */,
				983B3A361F590B6C00C02D33 /* GBProductItem.swift in Sources */,
				983B3A3E1F590EF000C02D33 /* GBMap.swift in Sources */,
				98AACBF21F43E1080083BC37 /* GBDelegateBuyer.swift in Sources */,
				98BEF0971F59217100E998BC /* GBCart.swift in Sources */,
				987575051EC60930004B847E /* GbUIColorExtension.swift in Sources */,
				983B3A3C1F590E5000C02D33 /* GBBuyersWithMap.swift in Sources */,
				98EFB3261F3D79030026B000 /* GBIdInfo.swift in Sources */,
				98BEF0941F5918CA00E998BC /* GBCurrencyExchange.swift in Sources */,
				983B3A321F590A9000C02D33 /* GBPreOrders.swift in Sources */,
				983B3A3A1F590D3800C02D33 /* GBPreOrderProductItem.swift in Sources */,
				98AACBF01F43E0FB0083BC37 /* GBBuyer.swift in Sources */,
				983B3A341F590AB000C02D33 /* GBPreOrderSection.swift in Sources */,
				98EFB32D1F42D2C20026B000 /* GBProductSubtype.swift in Sources */,
				98EFB3241F3D745C0026B000 /* GBBaseModel.swift in Sources */,
				98AACBE21F43C64B0083BC37 /* GBArea.swift in Sources */,
				98AACBE81F43D45A0083BC37 /* GBOrder.swift in Sources */,
				983B3A2C1F590A3A00C02D33 /* GBCommentToProduct.swift in Sources */,
				98AACBF61F43F8030083BC37 /* GBProductExtension.swift in Sources */,
				986F1DAA1F457A4700FA3872 /* GBDelegateOrder.swift in Sources */,
				98EFB3341F42D9020026B000 /* GBCategory.swift in Sources */,
				983B3A381F590C9100C02D33 /* GBCartItem.swift in Sources */,
				98AACBEC1F43DFF50083BC37 /* GBAdmin.swift in Sources */,
				98EFB3281F42CF7E0026B000 /* GBProduct.swift in Sources */,
				98AACBEE1F43E0020083BC37 /* GBCustomer.swift in Sources */,
				98AACBEA1F43DFE50083BC37 /* GBUser.swift in Sources */,
			);
			runOnlyForDeploymentPostprocessing = 0;
		};
		987574EC1EC5F92B004B847E /* Sources */ = {
			isa = PBXSourcesBuildPhase;
			buildActionMask = 2147483647;
			files = (
				987574F61EC5F92B004B847E /* GbKitTests.swift in Sources */,
			);
			runOnlyForDeploymentPostprocessing = 0;
		};
/* End PBXSourcesBuildPhase section */

/* Begin PBXTargetDependency section */
		987574F31EC5F92B004B847E /* PBXTargetDependency */ = {
			isa = PBXTargetDependency;
			target = 987574E61EC5F92B004B847E /* GbKit */;
			targetProxy = 987574F21EC5F92B004B847E /* PBXContainerItemProxy */;
		};
/* End PBXTargetDependency section */

/* Begin XCBuildConfiguration section */
		987574F91EC5F92B004B847E /* Debug */ = {
			isa = XCBuildConfiguration;
			buildSettings = {
				ALWAYS_SEARCH_USER_PATHS = NO;
				CLANG_ANALYZER_NONNULL = YES;
				CLANG_CXX_LANGUAGE_STANDARD = "gnu++0x";
				CLANG_CXX_LIBRARY = "libc++";
				CLANG_ENABLE_MODULES = YES;
				CLANG_ENABLE_OBJC_ARC = YES;
				CLANG_WARN_BOOL_CONVERSION = YES;
				CLANG_WARN_CONSTANT_CONVERSION = YES;
				CLANG_WARN_DIRECT_OBJC_ISA_USAGE = YES_ERROR;
				CLANG_WARN_DOCUMENTATION_COMMENTS = YES;
				CLANG_WARN_EMPTY_BODY = YES;
				CLANG_WARN_ENUM_CONVERSION = YES;
				CLANG_WARN_INFINITE_RECURSION = YES;
				CLANG_WARN_INT_CONVERSION = YES;
				CLANG_WARN_OBJC_ROOT_CLASS = YES_ERROR;
				CLANG_WARN_SUSPICIOUS_MOVE = YES;
				CLANG_WARN_UNREACHABLE_CODE = YES;
				CLANG_WARN__DUPLICATE_METHOD_MATCH = YES;
				"CODE_SIGN_IDENTITY[sdk=iphoneos*]" = "iPhone Developer";
				COPY_PHASE_STRIP = NO;
				CURRENT_PROJECT_VERSION = 1;
				DEBUG_INFORMATION_FORMAT = dwarf;
				ENABLE_STRICT_OBJC_MSGSEND = YES;
				ENABLE_TESTABILITY = YES;
				GCC_C_LANGUAGE_STANDARD = gnu99;
				GCC_DYNAMIC_NO_PIC = NO;
				GCC_NO_COMMON_BLOCKS = YES;
				GCC_OPTIMIZATION_LEVEL = 0;
				GCC_PREPROCESSOR_DEFINITIONS = (
					"DEBUG=1",
					"$(inherited)",
				);
				GCC_WARN_64_TO_32_BIT_CONVERSION = YES;
				GCC_WARN_ABOUT_RETURN_TYPE = YES_ERROR;
				GCC_WARN_UNDECLARED_SELECTOR = YES;
				GCC_WARN_UNINITIALIZED_AUTOS = YES_AGGRESSIVE;
				GCC_WARN_UNUSED_FUNCTION = YES;
				GCC_WARN_UNUSED_VARIABLE = YES;
				IPHONEOS_DEPLOYMENT_TARGET = 8.0;
				MTL_ENABLE_DEBUG_INFO = YES;
				ONLY_ACTIVE_ARCH = YES;
				SDKROOT = iphoneos;
				SWIFT_ACTIVE_COMPILATION_CONDITIONS = DEBUG;
				SWIFT_OPTIMIZATION_LEVEL = "-Onone";
				TARGETED_DEVICE_FAMILY = "1,2";
				VERSIONING_SYSTEM = "apple-generic";
				VERSION_INFO_PREFIX = "";
			};
			name = Debug;
		};
		987574FA1EC5F92B004B847E /* Release */ = {
			isa = XCBuildConfiguration;
			buildSettings = {
				ALWAYS_SEARCH_USER_PATHS = NO;
				CLANG_ANALYZER_NONNULL = YES;
				CLANG_CXX_LANGUAGE_STANDARD = "gnu++0x";
				CLANG_CXX_LIBRARY = "libc++";
				CLANG_ENABLE_MODULES = YES;
				CLANG_ENABLE_OBJC_ARC = YES;
				CLANG_WARN_BOOL_CONVERSION = YES;
				CLANG_WARN_CONSTANT_CONVERSION = YES;
				CLANG_WARN_DIRECT_OBJC_ISA_USAGE = YES_ERROR;
				CLANG_WARN_DOCUMENTATION_COMMENTS = YES;
				CLANG_WARN_EMPTY_BODY = YES;
				CLANG_WARN_ENUM_CONVERSION = YES;
				CLANG_WARN_INFINITE_RECURSION = YES;
				CLANG_WARN_INT_CONVERSION = YES;
				CLANG_WARN_OBJC_ROOT_CLASS = YES_ERROR;
				CLANG_WARN_SUSPICIOUS_MOVE = YES;
				CLANG_WARN_UNREACHABLE_CODE = YES;
				CLANG_WARN__DUPLICATE_METHOD_MATCH = YES;
				"CODE_SIGN_IDENTITY[sdk=iphoneos*]" = "iPhone Developer";
				COPY_PHASE_STRIP = NO;
				CURRENT_PROJECT_VERSION = 1;
				DEBUG_INFORMATION_FORMAT = "dwarf-with-dsym";
				ENABLE_NS_ASSERTIONS = NO;
				ENABLE_STRICT_OBJC_MSGSEND = YES;
				GCC_C_LANGUAGE_STANDARD = gnu99;
				GCC_NO_COMMON_BLOCKS = YES;
				GCC_WARN_64_TO_32_BIT_CONVERSION = YES;
				GCC_WARN_ABOUT_RETURN_TYPE = YES_ERROR;
				GCC_WARN_UNDECLARED_SELECTOR = YES;
				GCC_WARN_UNINITIALIZED_AUTOS = YES_AGGRESSIVE;
				GCC_WARN_UNUSED_FUNCTION = YES;
				GCC_WARN_UNUSED_VARIABLE = YES;
				IPHONEOS_DEPLOYMENT_TARGET = 8.0;
				MTL_ENABLE_DEBUG_INFO = NO;
				SDKROOT = iphoneos;
				SWIFT_OPTIMIZATION_LEVEL = "-Owholemodule";
				TARGETED_DEVICE_FAMILY = "1,2";
				VALIDATE_PRODUCT = YES;
				VERSIONING_SYSTEM = "apple-generic";
				VERSION_INFO_PREFIX = "";
			};
			name = Release;
		};
		987574FC1EC5F92B004B847E /* Debug */ = {
			isa = XCBuildConfiguration;
			baseConfigurationReference = 518C6A0A5147A6880CD4751D /* Pods-GbKit.debug.xcconfig */;
			buildSettings = {
				CLANG_ENABLE_MODULES = YES;
				CODE_SIGN_IDENTITY = "";
				DEFINES_MODULE = YES;
				DEVELOPMENT_TEAM = PXMQL7E966;
				DYLIB_COMPATIBILITY_VERSION = 1;
				DYLIB_CURRENT_VERSION = 1;
				DYLIB_INSTALL_NAME_BASE = "@rpath";
				INFOPLIST_FILE = GbKit/Info.plist;
				INSTALL_PATH = "$(LOCAL_LIBRARY_DIR)/Frameworks";
				IPHONEOS_DEPLOYMENT_TARGET = 8.0;
				LD_RUNPATH_SEARCH_PATHS = "$(inherited) @executable_path/Frameworks @loader_path/Frameworks";
				PRODUCT_BUNDLE_IDENTIFIER = com.glbuyer.GbKit;
				PRODUCT_NAME = "$(TARGET_NAME)";
				SKIP_INSTALL = YES;
				SWIFT_OPTIMIZATION_LEVEL = "-Onone";
				SWIFT_VERSION = 3.0;
			};
			name = Debug;
		};
		987574FD1EC5F92B004B847E /* Release */ = {
			isa = XCBuildConfiguration;
			baseConfigurationReference = FAEE3660B275F45E86A3F8E4 /* Pods-GbKit.release.xcconfig */;
			buildSettings = {
				CLANG_ENABLE_MODULES = YES;
				CODE_SIGN_IDENTITY = "";
				DEFINES_MODULE = YES;
				DEVELOPMENT_TEAM = PXMQL7E966;
				DYLIB_COMPATIBILITY_VERSION = 1;
				DYLIB_CURRENT_VERSION = 1;
				DYLIB_INSTALL_NAME_BASE = "@rpath";
				INFOPLIST_FILE = GbKit/Info.plist;
				INSTALL_PATH = "$(LOCAL_LIBRARY_DIR)/Frameworks";
				IPHONEOS_DEPLOYMENT_TARGET = 8.0;
				LD_RUNPATH_SEARCH_PATHS = "$(inherited) @executable_path/Frameworks @loader_path/Frameworks";
				PRODUCT_BUNDLE_IDENTIFIER = com.glbuyer.GbKit;
				PRODUCT_NAME = "$(TARGET_NAME)";
				SKIP_INSTALL = YES;
				SWIFT_VERSION = 3.0;
			};
			name = Release;
		};
		987574FF1EC5F92B004B847E /* Debug */ = {
			isa = XCBuildConfiguration;
			buildSettings = {
				ALWAYS_EMBED_SWIFT_STANDARD_LIBRARIES = YES;
				DEVELOPMENT_TEAM = PXMQL7E966;
				INFOPLIST_FILE = GbKitTests/Info.plist;
				LD_RUNPATH_SEARCH_PATHS = "$(inherited) @executable_path/Frameworks @loader_path/Frameworks";
				PRODUCT_BUNDLE_IDENTIFIER = com.glbuyer.GbKitTests;
				PRODUCT_NAME = "$(TARGET_NAME)";
				SWIFT_VERSION = 3.0;
			};
			name = Debug;
		};
		987575001EC5F92B004B847E /* Release */ = {
			isa = XCBuildConfiguration;
			buildSettings = {
				ALWAYS_EMBED_SWIFT_STANDARD_LIBRARIES = YES;
				DEVELOPMENT_TEAM = PXMQL7E966;
				INFOPLIST_FILE = GbKitTests/Info.plist;
				LD_RUNPATH_SEARCH_PATHS = "$(inherited) @executable_path/Frameworks @loader_path/Frameworks";
				PRODUCT_BUNDLE_IDENTIFIER = com.glbuyer.GbKitTests;
				PRODUCT_NAME = "$(TARGET_NAME)";
				SWIFT_VERSION = 3.0;
			};
			name = Release;
		};
/* End XCBuildConfiguration section */

/* Begin XCConfigurationList section */
		987574E11EC5F92A004B847E /* Build configuration list for PBXProject "GbKit" */ = {
			isa = XCConfigurationList;
			buildConfigurations = (
				987574F91EC5F92B004B847E /* Debug */,
				987574FA1EC5F92B004B847E /* Release */,
			);
			defaultConfigurationIsVisible = 0;
			defaultConfigurationName = Release;
		};
		987574FB1EC5F92B004B847E /* Build configuration list for PBXNativeTarget "GbKit" */ = {
			isa = XCConfigurationList;
			buildConfigurations = (
				987574FC1EC5F92B004B847E /* Debug */,
				987574FD1EC5F92B004B847E /* Release */,
			);
			defaultConfigurationIsVisible = 0;
			defaultConfigurationName = Release;
		};
		987574FE1EC5F92B004B847E /* Build configuration list for PBXNativeTarget "GbKitTests" */ = {
			isa = XCConfigurationList;
			buildConfigurations = (
				987574FF1EC5F92B004B847E /* Debug */,
				987575001EC5F92B004B847E /* Release */,
			);
			defaultConfigurationIsVisible = 0;
			defaultConfigurationName = Release;
		};
/* End XCConfigurationList section */
	};
	rootObject = 987574DE1EC5F92A004B847E /* Project object */;
}
